
Microsoft Visual Studio Solution File, Format Version 12.00
# Visual Studio Version 17
VisualStudioVersion = 17.9.34728.123
MinimumVisualStudioVersion = 10.0.40219.1
Project("{9A19103F-16F7-4668-BE54-9A1E7A4F7556}") = "SWENTourPlanner", "SWENTourPlanner\SWENTourPlanner.csproj", "{A2372DE0-0B0D-4A21-B21E-EB59C71E06D9}"
EndProject
Project("{FAE04EC0-301F-11D3-BF4B-00C04F79EFBC}") = "SWENTourPlanner.Tests", "SWENTourPlanner.Tests\SWENTourPlanner.Tests.csproj", "{94C85756-DF12-4D96-80D0-DA02D0D841EF}"
EndProject
Global
	GlobalSection(SolutionConfigurationPlatforms) = preSolution
		Debug|Any CPU = Debug|Any CPU
		Release|Any CPU = Release|Any CPU
	EndGlobalSection
	GlobalSection(ProjectConfigurationPlatforms) = postSolution
		{A2372DE0-0B0D-4A21-B21E-EB59C71E06D9}.Debug|Any CPU.ActiveCfg = Debug|Any CPU
		{A2372DE0-0B0D-4A21-B21E-EB59C71E06D9}.Debug|Any CPU.Build.0 = Debug|Any CPU
		{A2372DE0-0B0D-4A21-B21E-EB59C71E06D9}.Release|Any CPU.ActiveCfg = Release|Any CPU
		{A2372DE0-0B0D-4A21-B21E-EB59C71E06D9}.Release|Any CPU.Build.0 = Release|Any CPU
		{94C85756-DF12-4D96-80D0-DA02D0D841EF}.Debug|Any CPU.ActiveCfg = Debug|Any CPU
		{94C85756-DF12-4D96-80D0-DA02D0D841EF}.Debug|Any CPU.Build.0 = Debug|Any CPU
		{94C85756-DF12-4D96-80D0-DA02D0D841EF}.Release|Any CPU.ActiveCfg = Release|Any CPU
		{94C85756-DF12-4D96-80D0-DA02D0D841EF}.Release|Any CPU.Build.0 = Release|Any CPU
	EndGlobalSection
	GlobalSection(SolutionProperties) = preSolution
		HideSolutionNode = FALSE
	EndGlobalSection
	GlobalSection(ExtensibilityGlobals) = postSolution
		SolutionGuid = {DAF42F35-3C35-4771-B7E1-89874C258944}
	EndGlobalSection
EndGlobal
